
Microsoft Visual Studio Solution File, Format Version 12.00
# Visual Studio Version 17
VisualStudioVersion = 17.5.002.0
MinimumVisualStudioVersion = 10.0.40219.1
Project("{9A19103F-16F7-4668-BE54-9A1E7A4F7556}") = "estruturas-de-repeticao", "estruturas-de-repeticao.csproj", "{F78C8900-7D84-4259-BCC2-5E614C943222}"
EndProject
Global
	GlobalSection(SolutionConfigurationPlatforms) = preSolution
		Debug|Any CPU = Debug|Any CPU
		Release|Any CPU = Release|Any CPU
	EndGlobalSection
	GlobalSection(ProjectConfigurationPlatforms) = postSolution
		{F78C8900-7D84-4259-BCC2-5E614C943222}.Debug|Any CPU.ActiveCfg = Debug|Any CPU
		{F78C8900-7D84-4259-BCC2-5E614C943222}.Debug|Any CPU.Build.0 = Debug|Any CPU
		{F78C8900-7D84-4259-BCC2-5E614C943222}.Release|Any CPU.ActiveCfg = Release|Any CPU
		{F78C8900-7D84-4259-BCC2-5E614C943222}.Release|Any CPU.Build.0 = Release|Any CPU
	EndGlobalSection
	GlobalSection(SolutionProperties) = preSolution
		HideSolutionNode = FALSE
	EndGlobalSection
	GlobalSection(ExtensibilityGlobals) = postSolution
		SolutionGuid = {0D49EC45-1F08-4A93-B7FE-B02C2D75EF3C}
	EndGlobalSection
EndGlobal
