
Microsoft Visual Studio Solution File, Format Version 12.00
# Visual Studio Version 17
VisualStudioVersion = 17.5.002.0
MinimumVisualStudioVersion = 10.0.40219.1
Project("{9A19103F-16F7-4668-BE54-9A1E7A4F7556}") = "nuget-serializacao", "nuget-serializacao.csproj", "{72CB2D31-D023-49D7-AD1A-679E8877D6A7}"
EndProject
Global
	GlobalSection(SolutionConfigurationPlatforms) = preSolution
		Debug|Any CPU = Debug|Any CPU
		Release|Any CPU = Release|Any CPU
	EndGlobalSection
	GlobalSection(ProjectConfigurationPlatforms) = postSolution
		{72CB2D31-D023-49D7-AD1A-679E8877D6A7}.Debug|Any CPU.ActiveCfg = Debug|Any CPU
		{72CB2D31-D023-49D7-AD1A-679E8877D6A7}.Debug|Any CPU.Build.0 = Debug|Any CPU
		{72CB2D31-D023-49D7-AD1A-679E8877D6A7}.Release|Any CPU.ActiveCfg = Release|Any CPU
		{72CB2D31-D023-49D7-AD1A-679E8877D6A7}.Release|Any CPU.Build.0 = Release|Any CPU
	EndGlobalSection
	GlobalSection(SolutionProperties) = preSolution
		HideSolutionNode = FALSE
	EndGlobalSection
	GlobalSection(ExtensibilityGlobals) = postSolution
		SolutionGuid = {BD7540F3-8A70-4DFE-8A93-7B084603BF70}
	EndGlobalSection
EndGlobal
