
Microsoft Visual Studio Solution File, Format Version 12.00
# Visual Studio Version 17
VisualStudioVersion = 17.5.002.0
MinimumVisualStudioVersion = 10.0.40219.1
Project("{9A19103F-16F7-4668-BE54-9A1E7A4F7556}") = "estruturaDeProjeto", "estruturaDeProjeto\estruturaDeProjeto.csproj", "{BFF648A0-EB44-4763-A13F-84EA82F827DC}"
EndProject
Project("{FAE04EC0-301F-11D3-BF4B-00C04F79EFBC}") = "estruturaDeProjeto.common", "estruturaDeProjeto.common\estruturaDeProjeto.common.csproj", "{A1AF7801-39FC-40D3-91F9-EAA685F2A8CE}"
EndProject
Global
	GlobalSection(SolutionConfigurationPlatforms) = preSolution
		Debug|Any CPU = Debug|Any CPU
		Release|Any CPU = Release|Any CPU
	EndGlobalSection
	GlobalSection(ProjectConfigurationPlatforms) = postSolution
		{BFF648A0-EB44-4763-A13F-84EA82F827DC}.Debug|Any CPU.ActiveCfg = Debug|Any CPU
		{BFF648A0-EB44-4763-A13F-84EA82F827DC}.Debug|Any CPU.Build.0 = Debug|Any CPU
		{BFF648A0-EB44-4763-A13F-84EA82F827DC}.Release|Any CPU.ActiveCfg = Release|Any CPU
		{BFF648A0-EB44-4763-A13F-84EA82F827DC}.Release|Any CPU.Build.0 = Release|Any CPU
		{A1AF7801-39FC-40D3-91F9-EAA685F2A8CE}.Debug|Any CPU.ActiveCfg = Debug|Any CPU
		{A1AF7801-39FC-40D3-91F9-EAA685F2A8CE}.Debug|Any CPU.Build.0 = Debug|Any CPU
		{A1AF7801-39FC-40D3-91F9-EAA685F2A8CE}.Release|Any CPU.ActiveCfg = Release|Any CPU
		{A1AF7801-39FC-40D3-91F9-EAA685F2A8CE}.Release|Any CPU.Build.0 = Release|Any CPU
	EndGlobalSection
	GlobalSection(SolutionProperties) = preSolution
		HideSolutionNode = FALSE
	EndGlobalSection
	GlobalSection(ExtensibilityGlobals) = postSolution
		SolutionGuid = {85628530-ADA9-4579-BAC0-7BBF6CD64981}
	EndGlobalSection
EndGlobal
