
Microsoft Visual Studio Solution File, Format Version 12.00
# Visual Studio Version 17
VisualStudioVersion = 17.5.002.0
MinimumVisualStudioVersion = 10.0.40219.1
Project("{9A19103F-16F7-4668-BE54-9A1E7A4F7556}") = "ExemploExplorando", "ExemploExplorando.csproj", "{E721D8A7-7849-4166-97C2-727ABD867FBE}"
EndProject
Global
	GlobalSection(SolutionConfigurationPlatforms) = preSolution
		Debug|Any CPU = Debug|Any CPU
		Release|Any CPU = Release|Any CPU
	EndGlobalSection
	GlobalSection(ProjectConfigurationPlatforms) = postSolution
		{E721D8A7-7849-4166-97C2-727ABD867FBE}.Debug|Any CPU.ActiveCfg = Debug|Any CPU
		{E721D8A7-7849-4166-97C2-727ABD867FBE}.Debug|Any CPU.Build.0 = Debug|Any CPU
		{E721D8A7-7849-4166-97C2-727ABD867FBE}.Release|Any CPU.ActiveCfg = Release|Any CPU
		{E721D8A7-7849-4166-97C2-727ABD867FBE}.Release|Any CPU.Build.0 = Release|Any CPU
	EndGlobalSection
	GlobalSection(SolutionProperties) = preSolution
		HideSolutionNode = FALSE
	EndGlobalSection
	GlobalSection(ExtensibilityGlobals) = postSolution
		SolutionGuid = {D36D949F-E13A-47D5-A3E9-9256A5A40A68}
	EndGlobalSection
EndGlobal
